// !$*UTF8*$!
{
	archiveVersion = 1;
	classes = {
	};
	objectVersion = 50;
	objects = {

/* Begin PBXBuildFile section */
		45B6A3E325225E8200084D22 /* QuizModel.swift in Sources */ = {isa = PBXBuildFile; fileRef = 45B6A3E225225E8200084D22 /* QuizModel.swift */; };
		45DFA615251BC96B001FC695 /* AppDelegate.swift in Sources */ = {isa = PBXBuildFile; fileRef = 45DFA614251BC96B001FC695 /* AppDelegate.swift */; };
		45DFA617251BC96B001FC695 /* SceneDelegate.swift in Sources */ = {isa = PBXBuildFile; fileRef = 45DFA616251BC96B001FC695 /* SceneDelegate.swift */; };
		45DFA619251BC96B001FC695 /* ViewController.swift in Sources */ = {isa = PBXBuildFile; fileRef = 45DFA618251BC96B001FC695 /* ViewController.swift */; };
		45DFA61C251BC96B001FC695 /* Main.storyboard in Resources */ = {isa = PBXBuildFile; fileRef = 45DFA61A251BC96B001FC695 /* Main.storyboard */; };
		45DFA61E251BC96E001FC695 /* Assets.xcassets in Resources */ = {isa = PBXBuildFile; fileRef = 45DFA61D251BC96E001FC695 /* Assets.xcassets */; };
		45DFA621251BC96E001FC695 /* LaunchScreen.storyboard in Resources */ = {isa = PBXBuildFile; fileRef = 45DFA61F251BC96E001FC695 /* LaunchScreen.storyboard */; };
/* End PBXBuildFile section */

/* Begin PBXFileReference section */
		45B6A3E225225E8200084D22 /* QuizModel.swift */ = {isa = PBXFileReference; lastKnownFileType = sourcecode.swift; path = QuizModel.swift; sourceTree = "<group>"; };
		45DFA611251BC96B001FC695 /* iOSBasicsFunS2.app */ = {isa = PBXFileReference; explicitFileType = wrapper.application; includeInIndex = 0; path = iOSBasicsFunS2.app; sourceTree = BUILT_PRODUCTS_DIR; };
		45DFA614251BC96B001FC695 /* AppDelegate.swift */ = {isa = PBXFileReference; lastKnownFileType = sourcecode.swift; path = AppDelegate.swift; sourceTree = "<group>"; };
		45DFA616251BC96B001FC695 /* SceneDelegate.swift */ = {isa = PBXFileReference; lastKnownFileType = sourcecode.swift; path = SceneDelegate.swift; sourceTree = "<group>"; };
		45DFA618251BC96B001FC695 /* ViewController.swift */ = {isa = PBXFileReference; lastKnownFileType = sourcecode.swift; path = ViewController.swift; sourceTree = "<group>"; };
		45DFA61B251BC96B001FC695 /* Base */ = {isa = PBXFileReference; lastKnownFileType = file.storyboard; name = Base; path = Base.lproj/Main.storyboard; sourceTree = "<group>"; };
		45DFA61D251BC96E001FC695 /* Assets.xcassets */ = {isa = PBXFileReference; lastKnownFileType = folder.assetcatalog; path = Assets.xcassets; sourceTree = "<group>"; };
		45DFA620251BC96E001FC695 /* Base */ = {isa = PBXFileReference; lastKnownFileType = file.storyboard; name = Base; path = Base.lproj/LaunchScreen.storyboard; sourceTree = "<group>"; };
		45DFA622251BC96E001FC695 /* Info.plist */ = {isa = PBXFileReference; lastKnownFileType = text.plist.xml; path = Info.plist; sourceTree = "<group>"; };
/* End PBXFileReference section */

/* Begin PBXFrameworksBuildPhase section */
		45DFA60E251BC96B001FC695 /* Frameworks */ = {
			isa = PBXFrameworksBuildPhase;
			buildActionMask = 2147483647;
			files = (
			);
			runOnlyForDeploymentPostprocessing = 0;
		};
/* End PBXFrameworksBuildPhase section */

/* Begin PBXGroup section */
		45DFA608251BC96B001FC695 = {
			isa = PBXGroup;
			children = (
				45DFA613251BC96B001FC695 /* iOSBasicsFunS2 */,
				45DFA612251BC96B001FC695 /* Products */,
			);
			sourceTree = "<group>";
		};
		45DFA612251BC96B001FC695 /* Products */ = {
			isa = PBXGroup;
			children = (
				45DFA611251BC96B001FC695 /* iOSBasicsFunS2.app */,
			);
			name = Products;
			sourceTree = "<group>";
		};
		45DFA613251BC96B001FC695 /* iOSBasicsFunS2 */ = {
			isa = PBXGroup;
			children = (
				45DFA614251BC96B001FC695 /* AppDelegate.swift */,
				45DFA616251BC96B001FC695 /* SceneDelegate.swift */,
				45DFA618251BC96B001FC695 /* ViewController.swift */,
				45DFA61A251BC96B001FC695 /* Main.storyboard */,
				45DFA61D251BC96E001FC695 /* Assets.xcassets */,
				45DFA61F251BC96E001FC695 /* LaunchScreen.storyboard */,
				45DFA622251BC96E001FC695 /* Info.plist */,
				45B6A3E225225E8200084D22 /* QuizModel.swift */,
			);
			path = iOSBasicsFunS2;
			sourceTree = "<group>";
		};
/* End PBXGroup section */

/* Begin PBXNativeTarget section */
		45DFA610251BC96B001FC695 /* iOSBasicsFunS2 */ = {
			isa = PBXNativeTarget;
			buildConfigurationList = 45DFA625251BC96E001FC695 /* Build configuration list for PBXNativeTarget "iOSBasicsFunS2" */;
			buildPhases = (
				45DFA60D251BC96B001FC695 /* Sources */,
				45DFA60E251BC96B001FC695 /* Frameworks */,
				45DFA60F251BC96B001FC695 /* Resources */,
			);
			buildRules = (
			);
			dependencies = (
			);
			name = iOSBasicsFunS2;
			productName = iOSBasicsFunS2;
			productReference = 45DFA611251BC96B001FC695 /* iOSBasicsFunS2.app */;
			productType = "com.apple.product-type.application";
		};
/* End PBXNativeTarget section */

/* Begin PBXProject section */
		45DFA609251BC96B001FC695 /* Project object */ = {
			isa = PBXProject;
			attributes = {
				LastSwiftUpdateCheck = 1170;
				LastUpgradeCheck = 1170;
				ORGANIZATIONNAME = "Gina Sprint";
				TargetAttributes = {
					45DFA610251BC96B001FC695 = {
						CreatedOnToolsVersion = 11.7;
					};
				};
			};
			buildConfigurationList = 45DFA60C251BC96B001FC695 /* Build configuration list for PBXProject "iOSBasicsFunS2" */;
			compatibilityVersion = "Xcode 9.3";
			developmentRegion = en;
			hasScannedForEncodings = 0;
			knownRegions = (
				en,
				Base,
			);
			mainGroup = 45DFA608251BC96B001FC695;
			productRefGroup = 45DFA612251BC96B001FC695 /* Products */;
			projectDirPath = "";
			projectRoot = "";
			targets = (
				45DFA610251BC96B001FC695 /* iOSBasicsFunS2 */,
			);
		};
/* End PBXProject section */

/* Begin PBXResourcesBuildPhase section */
		45DFA60F251BC96B001FC695 /* Resources */ = {
			isa = PBXResourcesBuildPhase;
			buildActionMask = 2147483647;
			files = (
				45DFA621251BC96E001FC695 /* LaunchScreen.storyboard in Resources */,
				45DFA61E251BC96E001FC695 /* Assets.xcassets in Resources */,
				45DFA61C251BC96B001FC695 /* Main.storyboard in Resources */,
			);
			runOnlyForDeploymentPostprocessing = 0;
		};
/* End PBXResourcesBuildPhase section */

/* Begin PBXSourcesBuildPhase section */
		45DFA60D251BC96B001FC695 /* Sources */ = {
			isa = PBXSourcesBuildPhase;
			buildActionMask = 2147483647;
			files = (
				45B6A3E325225E8200084D22 /* QuizModel.swift in Sources */,
				45DFA619251BC96B001FC695 /* ViewController.swift in Sources */,
				45DFA615251BC96B001FC695 /* AppDelegate.swift in Sources */,
				45DFA617251BC96B001FC695 /* SceneDelegate.swift in Sources */,
			);
			runOnlyForDeploymentPostprocessing = 0;
		};
/* End PBXSourcesBuildPhase section */

/* Begin PBXVariantGroup section */
		45DFA61A251BC96B001FC695 /* Main.storyboard */ = {
			isa = PBXVariantGroup;
			children = (
				45DFA61B251BC96B001FC695 /* Base */,
			);
			name = Main.storyboard;
			sourceTree = "<group>";
		};
		45DFA61F251BC96E001FC695 /* LaunchScreen.storyboard */ = {
			isa = PBXVariantGroup;
			children = (
				45DFA620251BC96E001FC695 /* Base */,
			);
			name = LaunchScreen.storyboard;
			sourceTree = "<group>";
		};
/* End PBXVariantGroup section */

/* Begin XCBuildConfiguration section */
		45DFA623251BC96E001FC695 /* Debug */ = {
			isa = XCBuildConfiguration;
			buildSettings = {
				ALWAYS_SEARCH_USER_PATHS = NO;
				CLANG_ANALYZER_NONNULL = YES;
				CLANG_ANALYZER_NUMBER_OBJECT_CONVERSION = YES_AGGRESSIVE;
				CLANG_CXX_LANGUAGE_STANDARD = "gnu++14";
				CLANG_CXX_LIBRARY = "libc++";
				CLANG_ENABLE_MODULES = YES;
				CLANG_ENABLE_OBJC_ARC = YES;
				CLANG_ENABLE_OBJC_WEAK = YES;
				CLANG_WARN_BLOCK_CAPTURE_AUTORELEASING = YES;
				CLANG_WARN_BOOL_CONVERSION = YES;
				CLANG_WARN_COMMA = YES;
				CLANG_WARN_CONSTANT_CONVERSION = YES;
				CLANG_WARN_DEPRECATED_OBJC_IMPLEMENTATIONS = YES;
				CLANG_WARN_DIRECT_OBJC_ISA_USAGE = YES_ERROR;
				CLANG_WARN_DOCUMENTATION_COMMENTS = YES;
				CLANG_WARN_EMPTY_BODY = YES;
				CLANG_WARN_ENUM_CONVERSION = YES;
				CLANG_WARN_INFINITE_RECURSION = YES;
				CLANG_WARN_INT_CONVERSION = YES;
				CLANG_WARN_NON_LITERAL_NULL_CONVERSION = YES;
				CLANG_WARN_OBJC_IMPLICIT_RETAIN_SELF = YES;
				CLANG_WARN_OBJC_LITERAL_CONVERSION = YES;
				CLANG_WARN_OBJC_ROOT_CLASS = YES_ERROR;
				CLANG_WARN_RANGE_LOOP_ANALYSIS = YES;
				CLANG_WARN_STRICT_PROTOTYPES = YES;
				CLANG_WARN_SUSPICIOUS_MOVE = YES;
				CLANG_WARN_UNGUARDED_AVAILABILITY = YES_AGGRESSIVE;
				CLANG_WARN_UNREACHABLE_CODE = YES;
				CLANG_WARN__DUPLICATE_METHOD_MATCH = YES;
				COPY_PHASE_STRIP = NO;
				DEBUG_INFORMATION_FORMAT = dwarf;
				ENABLE_STRICT_OBJC_MSGSEND = YES;
				ENABLE_TESTABILITY = YES;
				GCC_C_LANGUAGE_STANDARD = gnu11;
				GCC_DYNAMIC_NO_PIC = NO;
				GCC_NO_COMMON_BLOCKS = YES;
				GCC_OPTIMIZATION_LEVEL = 0;
				GCC_PREPROCESSOR_DEFINITIONS = (
					"DEBUG=1",
					"$(inherited)",
				);
				GCC_WARN_64_TO_32_BIT_CONVERSION = YES;
				GCC_WARN_ABOUT_RETURN_TYPE = YES_ERROR;
				GCC_WARN_UNDECLARED_SELECTOR = YES;
				GCC_WARN_UNINITIALIZED_AUTOS = YES_AGGRESSIVE;
				GCC_WARN_UNUSED_FUNCTION = YES;
				GCC_WARN_UNUSED_VARIABLE = YES;
				IPHONEOS_DEPLOYMENT_TARGET = 13.7;
				MTL_ENABLE_DEBUG_INFO = INCLUDE_SOURCE;
				MTL_FAST_MATH = YES;
				ONLY_ACTIVE_ARCH = YES;
				SDKROOT = iphoneos;
				SWIFT_ACTIVE_COMPILATION_CONDITIONS = DEBUG;
				SWIFT_OPTIMIZATION_LEVEL = "-Onone";
			};
			name = Debug;
		};
		45DFA624251BC96E001FC695 /* Release */ = {
			isa = XCBuildConfiguration;
			buildSettings = {
				ALWAYS_SEARCH_USER_PATHS = NO;
				CLANG_ANALYZER_NONNULL = YES;
				CLANG_ANALYZER_NUMBER_OBJECT_CONVERSION = YES_AGGRESSIVE;
				CLANG_CXX_LANGUAGE_STANDARD = "gnu++14";
				CLANG_CXX_LIBRARY = "libc++";
				CLANG_ENABLE_MODULES = YES;
				CLANG_ENABLE_OBJC_ARC = YES;
				CLANG_ENABLE_OBJC_WEAK = YES;
				CLANG_WARN_BLOCK_CAPTURE_AUTORELEASING = YES;
				CLANG_WARN_BOOL_CONVERSION = YES;
				CLANG_WARN_COMMA = YES;
				CLANG_WARN_CONSTANT_CONVERSION = YES;
				CLANG_WARN_DEPRECATED_OBJC_IMPLEMENTATIONS = YES;
				CLANG_WARN_DIRECT_OBJC_ISA_USAGE = YES_ERROR;
				CLANG_WARN_DOCUMENTATION_COMMENTS = YES;
				CLANG_WARN_EMPTY_BODY = YES;
				CLANG_WARN_ENUM_CONVERSION = YES;
				CLANG_WARN_INFINITE_RECURSION = YES;
				CLANG_WARN_INT_CONVERSION = YES;
				CLANG_WARN_NON_LITERAL_NULL_CONVERSION = YES;
				CLANG_WARN_OBJC_IMPLICIT_RETAIN_SELF = YES;
				CLANG_WARN_OBJC_LITERAL_CONVERSION = YES;
				CLANG_WARN_OBJC_ROOT_CLASS = YES_ERROR;
				CLANG_WARN_RANGE_LOOP_ANALYSIS = YES;
				CLANG_WARN_STRICT_PROTOTYPES = YES;
				CLANG_WARN_SUSPICIOUS_MOVE = YES;
				CLANG_WARN_UNGUARDED_AVAILABILITY = YES_AGGRESSIVE;
				CLANG_WARN_UNREACHABLE_CODE = YES;
				CLANG_WARN__DUPLICATE_METHOD_MATCH = YES;
				COPY_PHASE_STRIP = NO;
				DEBUG_INFORMATION_FORMAT = "dwarf-with-dsym";
				ENABLE_NS_ASSERTIONS = NO;
				ENABLE_STRICT_OBJC_MSGSEND = YES;
				GCC_C_LANGUAGE_STANDARD = gnu11;
				GCC_NO_COMMON_BLOCKS = YES;
				GCC_WARN_64_TO_32_BIT_CONVERSION = YES;
				GCC_WARN_ABOUT_RETURN_TYPE = YES_ERROR;
				GCC_WARN_UNDECLARED_SELECTOR = YES;
				GCC_WARN_UNINITIALIZED_AUTOS = YES_AGGRESSIVE;
				GCC_WARN_UNUSED_FUNCTION = YES;
				GCC_WARN_UNUSED_VARIABLE = YES;
				IPHONEOS_DEPLOYMENT_TARGET = 13.7;
				MTL_ENABLE_DEBUG_INFO = NO;
				MTL_FAST_MATH = YES;
				SDKROOT = iphoneos;
				SWIFT_COMPILATION_MODE = wholemodule;
				SWIFT_OPTIMIZATION_LEVEL = "-O";
				VALIDATE_PRODUCT = YES;
			};
			name = Release;
		};
		45DFA626251BC96E001FC695 /* Debug */ = {
			isa = XCBuildConfiguration;
			buildSettings = {
				ASSETCATALOG_COMPILER_APPICON_NAME = AppIcon;
				CODE_SIGN_STYLE = Automatic;
				DEVELOPMENT_TEAM = GUYPJD4NUE;
				INFOPLIST_FILE = iOSBasicsFunS2/Info.plist;
				LD_RUNPATH_SEARCH_PATHS = (
					"$(inherited)",
					"@executable_path/Frameworks",
				);
				PRODUCT_BUNDLE_IDENTIFIER = com.sprint.gina.iOSBasicsFunS2;
				PRODUCT_NAME = "$(TARGET_NAME)";
				SWIFT_VERSION = 5.0;
				TARGETED_DEVICE_FAMILY = "1,2";
			};
			name = Debug;
		};
		45DFA627251BC96E001FC695 /* Release */ = {
			isa = XCBuildConfiguration;
			buildSettings = {
				ASSETCATALOG_COMPILER_APPICON_NAME = AppIcon;
				CODE_SIGN_STYLE = Automatic;
				DEVELOPMENT_TEAM = GUYPJD4NUE;
				INFOPLIST_FILE = iOSBasicsFunS2/Info.plist;
				LD_RUNPATH_SEARCH_PATHS = (
					"$(inherited)",
					"@executable_path/Frameworks",
				);
				PRODUCT_BUNDLE_IDENTIFIER = com.sprint.gina.iOSBasicsFunS2;
				PRODUCT_NAME = "$(TARGET_NAME)";
				SWIFT_VERSION = 5.0;
				TARGETED_DEVICE_FAMILY = "1,2";
			};
			name = Release;
		};
/* End XCBuildConfiguration section */

/* Begin XCConfigurationList section */
		45DFA60C251BC96B001FC695 /* Build configuration list for PBXProject "iOSBasicsFunS2" */ = {
			isa = XCConfigurationList;
			buildConfigurations = (
				45DFA623251BC96E001FC695 /* Debug */,
				45DFA624251BC96E001FC695 /* Release */,
			);
			defaultConfigurationIsVisible = 0;
			defaultConfigurationName = Release;
		};
		45DFA625251BC96E001FC695 /* Build configuration list for PBXNativeTarget "iOSBasicsFunS2" */ = {
			isa = XCConfigurationList;
			buildConfigurations = (
				45DFA626251BC96E001FC695 /* Debug */,
				45DFA627251BC96E001FC695 /* Release */,
			);
			defaultConfigurationIsVisible = 0;
			defaultConfigurationName = Release;
		};
/* End XCConfigurationList section */
	};
	rootObject = 45DFA609251BC96B001FC695 /* Project object */;
}
